
Microsoft Visual Studio Solution File, Format Version 12.00
# Visual Studio Version 18
VisualStudioVersion = 18.4.11626.88
MinimumVisualStudioVersion = 10.0.40219.1
Project("{FAE04EC0-301F-11D3-BF4B-00C04F79EFBC}") = "DVLD Project - Presentation Layer", "DVLD Project - Presentation Layer.csproj", "{6EE0325B-46D3-4529-90AA-F55A3F7FDDE4}"
EndProject
Project("{FAE04EC0-301F-11D3-BF4B-00C04F79EFBC}") = "DVLD_BuisnessLayer", "DVLD_BuisnessLayer\DVLD_BuisnessLayer.csproj", "{3B7A3F32-48C4-40AD-AAF6-DE1F54BE755C}"
EndProject
Project("{FAE04EC0-301F-11D3-BF4B-00C04F79EFBC}") = "DVLD_DataAccessLayer", "DVLD_DataAccessLayer\DVLD_DataAccessLayer.csproj", "{BA1CE75D-CF39-4353-8EF6-7EE05FEC9B32}"
EndProject
Global
	GlobalSection(SolutionConfigurationPlatforms) = preSolution
		Debug|Any CPU = Debug|Any CPU
		Release|Any CPU = Release|Any CPU
	EndGlobalSection
	GlobalSection(ProjectConfigurationPlatforms) = postSolution
		{6EE0325B-46D3-4529-90AA-F55A3F7FDDE4}.Debug|Any CPU.ActiveCfg = Debug|Any CPU
		{6EE0325B-46D3-4529-90AA-F55A3F7FDDE4}.Debug|Any CPU.Build.0 = Debug|Any CPU
		{6EE0325B-46D3-4529-90AA-F55A3F7FDDE4}.Release|Any CPU.ActiveCfg = Release|Any CPU
		{6EE0325B-46D3-4529-90AA-F55A3F7FDDE4}.Release|Any CPU.Build.0 = Release|Any CPU
		{3B7A3F32-48C4-40AD-AAF6-DE1F54BE755C}.Debug|Any CPU.ActiveCfg = Debug|Any CPU
		{3B7A3F32-48C4-40AD-AAF6-DE1F54BE755C}.Debug|Any CPU.Build.0 = Debug|Any CPU
		{3B7A3F32-48C4-40AD-AAF6-DE1F54BE755C}.Release|Any CPU.ActiveCfg = Release|Any CPU
		{3B7A3F32-48C4-40AD-AAF6-DE1F54BE755C}.Release|Any CPU.Build.0 = Release|Any CPU
		{BA1CE75D-CF39-4353-8EF6-7EE05FEC9B32}.Debug|Any CPU.ActiveCfg = Debug|Any CPU
		{BA1CE75D-CF39-4353-8EF6-7EE05FEC9B32}.Debug|Any CPU.Build.0 = Debug|Any CPU
		{BA1CE75D-CF39-4353-8EF6-7EE05FEC9B32}.Release|Any CPU.ActiveCfg = Release|Any CPU
		{BA1CE75D-CF39-4353-8EF6-7EE05FEC9B32}.Release|Any CPU.Build.0 = Release|Any CPU
	EndGlobalSection
	GlobalSection(SolutionProperties) = preSolution
		HideSolutionNode = FALSE
	EndGlobalSection
	GlobalSection(ExtensibilityGlobals) = postSolution
		SolutionGuid = {74C4CC83-D35D-407D-A683-115BAFCEA77F}
	EndGlobalSection
EndGlobal
